# @generated - this file is auto-generated by `mise lock` https://mise.jdx.dev/dev-tools/mise-lock.html

lockfile_version = 1

[[tools.maestro]]
version = "cli-2.8.0"
backend = "github:mobile-dev-inc/maestro"
specifiers = ["cli-2.8.0"]

[tools.maestro."platforms.linux-arm64"]
checksum = "sha256:b3e561161904fb391875ca5834d5b22cf0b01c052dd1b408ad83e30d8f8951b3"
url = "https://github.com/mobile-dev-inc/Maestro/releases/download/cli-2.8.0/maestro.zip"
url_api = "https://api.github.com/repos/mobile-dev-inc/Maestro/releases/assets/496651875"

[tools.maestro."platforms.linux-arm64-musl"]
checksum = "sha256:b3e561161904fb391875ca5834d5b22cf0b01c052dd1b408ad83e30d8f8951b3"
url = "https://github.com/mobile-dev-inc/Maestro/releases/download/cli-2.8.0/maestro.zip"
url_api = "https://api.github.com/repos/mobile-dev-inc/Maestro/releases/assets/496651875"

[tools.maestro."platforms.linux-x64"]
checksum = "sha256:b3e561161904fb391875ca5834d5b22cf0b01c052dd1b408ad83e30d8f8951b3"
url = "https://github.com/mobile-dev-inc/Maestro/releases/download/cli-2.8.0/maestro.zip"
url_api = "https://api.github.com/repos/mobile-dev-inc/Maestro/releases/assets/496651875"

[tools.maestro."platforms.linux-x64-musl"]
checksum = "sha256:b3e561161904fb391875ca5834d5b22cf0b01c052dd1b408ad83e30d8f8951b3"
url = "https://github.com/mobile-dev-inc/Maestro/releases/download/cli-2.8.0/maestro.zip"
url_api = "https://api.github.com/repos/mobile-dev-inc/Maestro/releases/assets/496651875"

[tools.maestro."platforms.macos-arm64"]
checksum = "sha256:b3e561161904fb391875ca5834d5b22cf0b01c052dd1b408ad83e30d8f8951b3"
url = "https://github.com/mobile-dev-inc/Maestro/releases/download/cli-2.8.0/maestro.zip"
url_api = "https://api.github.com/repos/mobile-dev-inc/Maestro/releases/assets/496651875"

[tools.maestro."platforms.macos-x64"]
checksum = "sha256:b3e561161904fb391875ca5834d5b22cf0b01c052dd1b408ad83e30d8f8951b3"
url = "https://github.com/mobile-dev-inc/Maestro/releases/download/cli-2.8.0/maestro.zip"
url_api = "https://api.github.com/repos/mobile-dev-inc/Maestro/releases/assets/496651875"

[tools.maestro."platforms.windows-x64"]
checksum = "sha256:b3e561161904fb391875ca5834d5b22cf0b01c052dd1b408ad83e30d8f8951b3"
url = "https://github.com/mobile-dev-inc/Maestro/releases/download/cli-2.8.0/maestro.zip"
url_api = "https://api.github.com/repos/mobile-dev-inc/Maestro/releases/assets/496651875"
